
Microsoft Visual Studio Solution File, Format Version 12.00
# Visual Studio Version 17
VisualStudioVersion = 17.14.36310.24 d17.14
MinimumVisualStudioVersion = 10.0.40219.1
Project("{FAE04EC0-301F-11D3-BF4B-00C04F79EFBC}") = "Zadachaekip", "Zadachaekip.csproj", "{CCD04D0C-428A-4AF4-BE1C-2FB822EBA76C}"
EndProject
Global
	GlobalSection(SolutionConfigurationPlatforms) = preSolution
		Debug|Any CPU = Debug|Any CPU
		Release|Any CPU = Release|Any CPU
	EndGlobalSection
	GlobalSection(ProjectConfigurationPlatforms) = postSolution
		{CCD04D0C-428A-4AF4-BE1C-2FB822EBA76C}.Debug|Any CPU.ActiveCfg = Debug|Any CPU
		{CCD04D0C-428A-4AF4-BE1C-2FB822EBA76C}.Debug|Any CPU.Build.0 = Debug|Any CPU
		{CCD04D0C-428A-4AF4-BE1C-2FB822EBA76C}.Release|Any CPU.ActiveCfg = Release|Any CPU
		{CCD04D0C-428A-4AF4-BE1C-2FB822EBA76C}.Release|Any CPU.Build.0 = Release|Any CPU
	EndGlobalSection
	GlobalSection(SolutionProperties) = preSolution
		HideSolutionNode = FALSE
	EndGlobalSection
	GlobalSection(ExtensibilityGlobals) = postSolution
		SolutionGuid = {2EA2DD81-954B-4255-AEAF-E0BB7CD6F0AF}
	EndGlobalSection
EndGlobal
